{
  "name": "graph3d",
  "version": "0.8.26",
  "lockfileVersion": 3,
  "requires": true,
  "packages": {
    "": {
      "name": "graph3d",
      "version": "0.8.26",
      "license": "MIT",
      "bin": {
        "graph3d": "bin/graph3d.js"
      },
      "engines": {
        "node": ">=18.18.0",
        "npm": ">=9.0.0"
      },
      "funding": {
        "url": "https://github.com/sponsors/DarbotLM"
      }
    }
  }
}
